
Microsoft Visual Studio Solution File, Format Version 12.00
# Visual Studio Version 17
VisualStudioVersion = 17.7.34221.43
MinimumVisualStudioVersion = 10.0.40219.1
Project("{FAE04EC0-301F-11D3-BF4B-00C04F79EFBC}") = "BankLoginPage", "BankLoginPage\BankLoginPage.csproj", "{DB108028-E353-44B7-BC9A-3D73DC5F06E5}"
EndProject
Global
	GlobalSection(SolutionConfigurationPlatforms) = preSolution
		Debug|Any CPU = Debug|Any CPU
		Release|Any CPU = Release|Any CPU
	EndGlobalSection
	GlobalSection(ProjectConfigurationPlatforms) = postSolution
		{DB108028-E353-44B7-BC9A-3D73DC5F06E5}.Debug|Any CPU.ActiveCfg = Debug|Any CPU
		{DB108028-E353-44B7-BC9A-3D73DC5F06E5}.Debug|Any CPU.Build.0 = Debug|Any CPU
		{DB108028-E353-44B7-BC9A-3D73DC5F06E5}.Release|Any CPU.ActiveCfg = Release|Any CPU
		{DB108028-E353-44B7-BC9A-3D73DC5F06E5}.Release|Any CPU.Build.0 = Release|Any CPU
	EndGlobalSection
	GlobalSection(SolutionProperties) = preSolution
		HideSolutionNode = FALSE
	EndGlobalSection
	GlobalSection(ExtensibilityGlobals) = postSolution
		SolutionGuid = {3936AC33-4FBB-4C22-947F-B445B5FB2923}
	EndGlobalSection
EndGlobal
